{
  "name": "google_news",
  "version": "1.0.0",
  "lockfileVersion": 3,
  "requires": true,
  "packages": {
    "": {
      "name": "google_news",
      "version": "1.0.0",
      "license": "ISC",
      "dependencies": {
        "dotenv": "^17.2.3",
        "serpapi": "^2.2.1"
      }
    },
    "node_modules/dotenv": {
      "version": "17.2.3",
      "resolved": "https://registry.npmjs.org/dotenv/-/dotenv-17.2.3.tgz",
      "integrity": "sha512-JVUnt+DUIzu87TABbhPmNfVdBDt18BLOWjMUFJMSi/Qqg7NTYtabbvSNJGOJ7afbRuv9D/lngizHtP7QyLQ+9w==",
      "license": "BSD-2-Clause",
      "engines": {
        "node": ">=12"
      },
      "funding": {
        "url": "https://dotenvx.com"
      }
    },
    "node_modules/serpapi": {
      "version": "2.2.1",
      "resolved": "https://registry.npmjs.org/serpapi/-/serpapi-2.2.1.tgz",
      "integrity": "sha512-1HXXaIwDmYueFPauAggIkzozMi5P/a4/yRUxB8Z1kad0VQE/7ohf9a6xRQ99aXR252itDChfmJUfBdCA4phCYA==",
      "license": "MIT"
    }
  }
}
