{
  "name": "googleaioverview_start",
  "version": "1.0.0",
  "lockfileVersion": 3,
  "requires": true,
  "packages": {
    "": {
      "name": "googleaioverview_start",
      "version": "1.0.0",
      "license": "ISC",
      "dependencies": {
        "dotenv": "^17.2.3",
        "json-colorizer": "^3.0.1",
        "serpapi": "^2.2.1"
      }
    },
    "node_modules/colorette": {
      "version": "2.0.20",
      "resolved": "https://registry.npmjs.org/colorette/-/colorette-2.0.20.tgz",
      "integrity": "sha512-IfEDxwoWIjkeXL1eXcDiow4UbKjhLdq6/EuSVR9GMN7KVH3r9gQ83e73hsz1Nd1T3ijd5xv1wcWRYO+D6kCI2w==",
      "license": "MIT"
    },
    "node_modules/dotenv": {
      "version": "17.2.3",
      "resolved": "https://registry.npmjs.org/dotenv/-/dotenv-17.2.3.tgz",
      "integrity": "sha512-JVUnt+DUIzu87TABbhPmNfVdBDt18BLOWjMUFJMSi/Qqg7NTYtabbvSNJGOJ7afbRuv9D/lngizHtP7QyLQ+9w==",
      "license": "BSD-2-Clause",
      "engines": {
        "node": ">=12"
      },
      "funding": {
        "url": "https://dotenvx.com"
      }
    },
    "node_modules/json-colorizer": {
      "version": "3.0.1",
      "resolved": "https://registry.npmjs.org/json-colorizer/-/json-colorizer-3.0.1.tgz",
      "integrity": "sha512-4YyRAbD6eHeRnJD9vo0zjiU5fyY9QR6T+iYuH5DpO0XPThKWozpD4MaeY/8nLZIkHC3yEQMFLL+6P94E+JekDw==",
      "license": "MIT",
      "dependencies": {
        "colorette": "^2.0.20"
      }
    },
    "node_modules/serpapi": {
      "version": "2.2.1",
      "resolved": "https://registry.npmjs.org/serpapi/-/serpapi-2.2.1.tgz",
      "integrity": "sha512-1HXXaIwDmYueFPauAggIkzozMi5P/a4/yRUxB8Z1kad0VQE/7ohf9a6xRQ99aXR252itDChfmJUfBdCA4phCYA==",
      "license": "MIT"
    }
  }
}
